
Microsoft Visual Studio Solution File, Format Version 12.00
# Visual Studio 2012
Project("{FAE04EC0-301F-11D3-BF4B-00C04F79EFBC}") = "VoiceSample", "VoiceSample\VoiceSample.csproj", "{FCE90D5E-71B6-4624-915F-277FDE8349C7}"
EndProject
Global
	GlobalSection(SolutionConfigurationPlatforms) = preSolution
		Debug|Any CPU = Debug|Any CPU
		Release|Any CPU = Release|Any CPU
	EndGlobalSection
	GlobalSection(ProjectConfigurationPlatforms) = postSolution
		{FCE90D5E-71B6-4624-915F-277FDE8349C7}.Debug|Any CPU.ActiveCfg = Debug|Any CPU
		{FCE90D5E-71B6-4624-915F-277FDE8349C7}.Debug|Any CPU.Build.0 = Debug|Any CPU
		{FCE90D5E-71B6-4624-915F-277FDE8349C7}.Release|Any CPU.ActiveCfg = Release|Any CPU
		{FCE90D5E-71B6-4624-915F-277FDE8349C7}.Release|Any CPU.Build.0 = Release|Any CPU
	EndGlobalSection
EndGlobal
